
Microsoft Visual Studio Solution File, Format Version 12.00
# Visual Studio Version 16
VisualStudioVersion = 16.0.31025.194
MinimumVisualStudioVersion = 10.0.40219.1
Project("{FAE04EC0-301F-11D3-BF4B-00C04F79EFBC}") = "PE11VectorDistanceCalculation", "PE11VectorDistanceCalculation\PE11VectorDistanceCalculation.csproj", "{6AAC8223-7AAC-4940-80AB-6D996F2C7BDD}"
EndProject
Global
	GlobalSection(SolutionConfigurationPlatforms) = preSolution
		Debug|Any CPU = Debug|Any CPU
		Release|Any CPU = Release|Any CPU
	EndGlobalSection
	GlobalSection(ProjectConfigurationPlatforms) = postSolution
		{6AAC8223-7AAC-4940-80AB-6D996F2C7BDD}.Debug|Any CPU.ActiveCfg = Debug|Any CPU
		{6AAC8223-7AAC-4940-80AB-6D996F2C7BDD}.Debug|Any CPU.Build.0 = Debug|Any CPU
		{6AAC8223-7AAC-4940-80AB-6D996F2C7BDD}.Release|Any CPU.ActiveCfg = Release|Any CPU
		{6AAC8223-7AAC-4940-80AB-6D996F2C7BDD}.Release|Any CPU.Build.0 = Release|Any CPU
	EndGlobalSection
	GlobalSection(SolutionProperties) = preSolution
		HideSolutionNode = FALSE
	EndGlobalSection
	GlobalSection(ExtensibilityGlobals) = postSolution
		SolutionGuid = {D8E0B596-CCAB-4D59-8831-2E0F28E59BB3}
	EndGlobalSection
EndGlobal
