
Microsoft Visual Studio Solution File, Format Version 12.00
# Visual Studio Version 16
VisualStudioVersion = 16.0.31025.194
MinimumVisualStudioVersion = 10.0.40219.1
Project("{FAE04EC0-301F-11D3-BF4B-00C04F79EFBC}") = "PE12MathGames", "PE12MathGames\PE12MathGames.csproj", "{3BD392E7-682C-4C0E-BE65-3EF512B6304A}"
EndProject
Global
	GlobalSection(SolutionConfigurationPlatforms) = preSolution
		Debug|Any CPU = Debug|Any CPU
		Release|Any CPU = Release|Any CPU
	EndGlobalSection
	GlobalSection(ProjectConfigurationPlatforms) = postSolution
		{3BD392E7-682C-4C0E-BE65-3EF512B6304A}.Debug|Any CPU.ActiveCfg = Debug|Any CPU
		{3BD392E7-682C-4C0E-BE65-3EF512B6304A}.Debug|Any CPU.Build.0 = Debug|Any CPU
		{3BD392E7-682C-4C0E-BE65-3EF512B6304A}.Release|Any CPU.ActiveCfg = Release|Any CPU
		{3BD392E7-682C-4C0E-BE65-3EF512B6304A}.Release|Any CPU.Build.0 = Release|Any CPU
	EndGlobalSection
	GlobalSection(SolutionProperties) = preSolution
		HideSolutionNode = FALSE
	EndGlobalSection
	GlobalSection(ExtensibilityGlobals) = postSolution
		SolutionGuid = {D1082613-F547-42CF-A6E7-1EC7F824838E}
	EndGlobalSection
EndGlobal
