
Microsoft Visual Studio Solution File, Format Version 12.00
# Visual Studio Version 16
VisualStudioVersion = 16.0.31205.134
MinimumVisualStudioVersion = 10.0.40219.1
Project("{FAE04EC0-301F-11D3-BF4B-00C04F79EFBC}") = "PE15PasswordCracker", "PE15PasswordCracker\PE15PasswordCracker.csproj", "{933AA92C-EA8A-4571-9253-F6CDABADEF5D}"
EndProject
Global
	GlobalSection(SolutionConfigurationPlatforms) = preSolution
		Debug|Any CPU = Debug|Any CPU
		Release|Any CPU = Release|Any CPU
	EndGlobalSection
	GlobalSection(ProjectConfigurationPlatforms) = postSolution
		{933AA92C-EA8A-4571-9253-F6CDABADEF5D}.Debug|Any CPU.ActiveCfg = Debug|Any CPU
		{933AA92C-EA8A-4571-9253-F6CDABADEF5D}.Debug|Any CPU.Build.0 = Debug|Any CPU
		{933AA92C-EA8A-4571-9253-F6CDABADEF5D}.Release|Any CPU.ActiveCfg = Release|Any CPU
		{933AA92C-EA8A-4571-9253-F6CDABADEF5D}.Release|Any CPU.Build.0 = Release|Any CPU
	EndGlobalSection
	GlobalSection(SolutionProperties) = preSolution
		HideSolutionNode = FALSE
	EndGlobalSection
	GlobalSection(ExtensibilityGlobals) = postSolution
		SolutionGuid = {913A7925-6F2F-4A2F-88DB-2C43DBFF5567}
	EndGlobalSection
EndGlobal
